// !$*UTF8*$!
{
	archiveVersion = 1;
	classes = {
	};
	objectVersion = 46;
	objects = {

/* Begin PBXBuildFile section */
		F802200119D2A42B00952BB3 /* AppDelegate.swift in Sources */ = {isa = PBXBuildFile; fileRef = F802200019D2A42B00952BB3 /* AppDelegate.swift */; };
		F802200319D2A42B00952BB3 /* ViewController.swift in Sources */ = {isa = PBXBuildFile; fileRef = F802200219D2A42B00952BB3 /* ViewController.swift */; };
		F802200619D2A42B00952BB3 /* Main.storyboard in Resources */ = {isa = PBXBuildFile; fileRef = F802200419D2A42B00952BB3 /* Main.storyboard */; };
		F802200819D2A42B00952BB3 /* Images.xcassets in Resources */ = {isa = PBXBuildFile; fileRef = F802200719D2A42B00952BB3 /* Images.xcassets */; };
		F802200B19D2A42B00952BB3 /* LaunchScreen.xib in Resources */ = {isa = PBXBuildFile; fileRef = F802200919D2A42B00952BB3 /* LaunchScreen.xib */; };
		F802201719D2A42B00952BB3 /* What_s_The_WeatherTests.swift in Sources */ = {isa = PBXBuildFile; fileRef = F802201619D2A42B00952BB3 /* What_s_The_WeatherTests.swift */; };
		F802202119D2A97A00952BB3 /* mountain.png in Resources */ = {isa = PBXBuildFile; fileRef = F802202019D2A97A00952BB3 /* mountain.png */; };
/* End PBXBuildFile section */

/* Begin PBXContainerItemProxy section */
		F802201119D2A42B00952BB3 /* PBXContainerItemProxy */ = {
			isa = PBXContainerItemProxy;
			containerPortal = F8021FF319D2A42B00952BB3 /* Project object */;
			proxyType = 1;
			remoteGlobalIDString = F8021FFA19D2A42B00952BB3;
			remoteInfo = "What's The Weather";
		};
/* End PBXContainerItemProxy section */

/* Begin PBXFileReference section */
		F8021FFB19D2A42B00952BB3 /* WeatherApp.app */ = {isa = PBXFileReference; explicitFileType = wrapper.application; includeInIndex = 0; path = WeatherApp.app; sourceTree = BUILT_PRODUCTS_DIR; };
		F8021FFF19D2A42B00952BB3 /* Info.plist */ = {isa = PBXFileReference; lastKnownFileType = text.plist.xml; path = Info.plist; sourceTree = "<group>"; };
		F802200019D2A42B00952BB3 /* AppDelegate.swift */ = {isa = PBXFileReference; lastKnownFileType = sourcecode.swift; path = AppDelegate.swift; sourceTree = "<group>"; };
		F802200219D2A42B00952BB3 /* ViewController.swift */ = {isa = PBXFileReference; lastKnownFileType = sourcecode.swift; path = ViewController.swift; sourceTree = "<group>"; };
		F802200519D2A42B00952BB3 /* Base */ = {isa = PBXFileReference; lastKnownFileType = file.storyboard; name = Base; path = Base.lproj/Main.storyboard; sourceTree = "<group>"; };
		F802200719D2A42B00952BB3 /* Images.xcassets */ = {isa = PBXFileReference; lastKnownFileType = folder.assetcatalog; path = Images.xcassets; sourceTree = "<group>"; };
		F802200A19D2A42B00952BB3 /* Base */ = {isa = PBXFileReference; lastKnownFileType = file.xib; name = Base; path = Base.lproj/LaunchScreen.xib; sourceTree = "<group>"; };
		F802201019D2A42B00952BB3 /* WeatherAppTests.xctest */ = {isa = PBXFileReference; explicitFileType = wrapper.cfbundle; includeInIndex = 0; path = WeatherAppTests.xctest; sourceTree = BUILT_PRODUCTS_DIR; };
		F802201519D2A42B00952BB3 /* Info.plist */ = {isa = PBXFileReference; lastKnownFileType = text.plist.xml; path = Info.plist; sourceTree = "<group>"; };
		F802201619D2A42B00952BB3 /* What_s_The_WeatherTests.swift */ = {isa = PBXFileReference; lastKnownFileType = sourcecode.swift; path = What_s_The_WeatherTests.swift; sourceTree = "<group>"; };
		F802202019D2A97A00952BB3 /* mountain.png */ = {isa = PBXFileReference; lastKnownFileType = image.png; path = mountain.png; sourceTree = "<group>"; };
/* End PBXFileReference section */

/* Begin PBXFrameworksBuildPhase section */
		F8021FF819D2A42B00952BB3 /* Frameworks */ = {
			isa = PBXFrameworksBuildPhase;
			buildActionMask = 2147483647;
			files = (
			);
			runOnlyForDeploymentPostprocessing = 0;
		};
		F802200D19D2A42B00952BB3 /* Frameworks */ = {
			isa = PBXFrameworksBuildPhase;
			buildActionMask = 2147483647;
			files = (
			);
			runOnlyForDeploymentPostprocessing = 0;
		};
/* End PBXFrameworksBuildPhase section */

/* Begin PBXGroup section */
		F8021FF219D2A42B00952BB3 = {
			isa = PBXGroup;
			children = (
				F8021FFD19D2A42B00952BB3 /* What's The Weather */,
				F802201319D2A42B00952BB3 /* What's The WeatherTests */,
				F8021FFC19D2A42B00952BB3 /* Products */,
			);
			sourceTree = "<group>";
		};
		F8021FFC19D2A42B00952BB3 /* Products */ = {
			isa = PBXGroup;
			children = (
				F8021FFB19D2A42B00952BB3 /* WeatherApp.app */,
				F802201019D2A42B00952BB3 /* WeatherAppTests.xctest */,
			);
			name = Products;
			sourceTree = "<group>";
		};
		F8021FFD19D2A42B00952BB3 /* What's The Weather */ = {
			isa = PBXGroup;
			children = (
				F802200019D2A42B00952BB3 /* AppDelegate.swift */,
				F802200219D2A42B00952BB3 /* ViewController.swift */,
				F802200419D2A42B00952BB3 /* Main.storyboard */,
				F802200719D2A42B00952BB3 /* Images.xcassets */,
				F802200919D2A42B00952BB3 /* LaunchScreen.xib */,
				F802202019D2A97A00952BB3 /* mountain.png */,
				F8021FFE19D2A42B00952BB3 /* Supporting Files */,
			);
			path = "What's The Weather";
			sourceTree = "<group>";
		};
		F8021FFE19D2A42B00952BB3 /* Supporting Files */ = {
			isa = PBXGroup;
			children = (
				F8021FFF19D2A42B00952BB3 /* Info.plist */,
			);
			name = "Supporting Files";
			sourceTree = "<group>";
		};
		F802201319D2A42B00952BB3 /* What's The WeatherTests */ = {
			isa = PBXGroup;
			children = (
				F802201619D2A42B00952BB3 /* What_s_The_WeatherTests.swift */,
				F802201419D2A42B00952BB3 /* Supporting Files */,
			);
			path = "What's The WeatherTests";
			sourceTree = "<group>";
		};
		F802201419D2A42B00952BB3 /* Supporting Files */ = {
			isa = PBXGroup;
			children = (
				F802201519D2A42B00952BB3 /* Info.plist */,
			);
			name = "Supporting Files";
			sourceTree = "<group>";
		};
/* End PBXGroup section */

/* Begin PBXNativeTarget section */
		F8021FFA19D2A42B00952BB3 /* WeatherApp */ = {
			isa = PBXNativeTarget;
			buildConfigurationList = F802201A19D2A42B00952BB3 /* Build configuration list for PBXNativeTarget "WeatherApp" */;
			buildPhases = (
				F8021FF719D2A42B00952BB3 /* Sources */,
				F8021FF819D2A42B00952BB3 /* Frameworks */,
				F8021FF919D2A42B00952BB3 /* Resources */,
			);
			buildRules = (
			);
			dependencies = (
			);
			name = WeatherApp;
			productName = "What's The Weather";
			productReference = F8021FFB19D2A42B00952BB3 /* WeatherApp.app */;
			productType = "com.apple.product-type.application";
		};
		F802200F19D2A42B00952BB3 /* WeatherAppTests */ = {
			isa = PBXNativeTarget;
			buildConfigurationList = F802201D19D2A42B00952BB3 /* Build configuration list for PBXNativeTarget "WeatherAppTests" */;
			buildPhases = (
				F802200C19D2A42B00952BB3 /* Sources */,
				F802200D19D2A42B00952BB3 /* Frameworks */,
				F802200E19D2A42B00952BB3 /* Resources */,
			);
			buildRules = (
			);
			dependencies = (
				F802201219D2A42B00952BB3 /* PBXTargetDependency */,
			);
			name = WeatherAppTests;
			productName = "What's The WeatherTests";
			productReference = F802201019D2A42B00952BB3 /* WeatherAppTests.xctest */;
			productType = "com.apple.product-type.bundle.unit-test";
		};
/* End PBXNativeTarget section */

/* Begin PBXProject section */
		F8021FF319D2A42B00952BB3 /* Project object */ = {
			isa = PBXProject;
			attributes = {
				LastUpgradeCheck = 0600;
				ORGANIZATIONNAME = FiveWest;
				TargetAttributes = {
					F8021FFA19D2A42B00952BB3 = {
						CreatedOnToolsVersion = 6.0;
					};
					F802200F19D2A42B00952BB3 = {
						CreatedOnToolsVersion = 6.0;
						TestTargetID = F8021FFA19D2A42B00952BB3;
					};
				};
			};
			buildConfigurationList = F8021FF619D2A42B00952BB3 /* Build configuration list for PBXProject "WeatherApp" */;
			compatibilityVersion = "Xcode 3.2";
			developmentRegion = English;
			hasScannedForEncodings = 0;
			knownRegions = (
				en,
				Base,
			);
			mainGroup = F8021FF219D2A42B00952BB3;
			productRefGroup = F8021FFC19D2A42B00952BB3 /* Products */;
			projectDirPath = "";
			projectRoot = "";
			targets = (
				F8021FFA19D2A42B00952BB3 /* WeatherApp */,
				F802200F19D2A42B00952BB3 /* WeatherAppTests */,
			);
		};
/* End PBXProject section */

/* Begin PBXResourcesBuildPhase section */
		F8021FF919D2A42B00952BB3 /* Resources */ = {
			isa = PBXResourcesBuildPhase;
			buildActionMask = 2147483647;
			files = (
				F802200619D2A42B00952BB3 /* Main.storyboard in Resources */,
				F802200B19D2A42B00952BB3 /* LaunchScreen.xib in Resources */,
				F802202119D2A97A00952BB3 /* mountain.png in Resources */,
				F802200819D2A42B00952BB3 /* Images.xcassets in Resources */,
			);
			runOnlyForDeploymentPostprocessing = 0;
		};
		F802200E19D2A42B00952BB3 /* Resources */ = {
			isa = PBXResourcesBuildPhase;
			buildActionMask = 2147483647;
			files = (
			);
			runOnlyForDeploymentPostprocessing = 0;
		};
/* End PBXResourcesBuildPhase section */

/* Begin PBXSourcesBuildPhase section */
		F8021FF719D2A42B00952BB3 /* Sources */ = {
			isa = PBXSourcesBuildPhase;
			buildActionMask = 2147483647;
			files = (
				F802200319D2A42B00952BB3 /* ViewController.swift in Sources */,
				F802200119D2A42B00952BB3 /* AppDelegate.swift in Sources */,
			);
			runOnlyForDeploymentPostprocessing = 0;
		};
		F802200C19D2A42B00952BB3 /* Sources */ = {
			isa = PBXSourcesBuildPhase;
			buildActionMask = 2147483647;
			files = (
				F802201719D2A42B00952BB3 /* What_s_The_WeatherTests.swift in Sources */,
			);
			runOnlyForDeploymentPostprocessing = 0;
		};
/* End PBXSourcesBuildPhase section */

/* Begin PBXTargetDependency section */
		F802201219D2A42B00952BB3 /* PBXTargetDependency */ = {
			isa = PBXTargetDependency;
			target = F8021FFA19D2A42B00952BB3 /* WeatherApp */;
			targetProxy = F802201119D2A42B00952BB3 /* PBXContainerItemProxy */;
		};
/* End PBXTargetDependency section */

/* Begin PBXVariantGroup section */
		F802200419D2A42B00952BB3 /* Main.storyboard */ = {
			isa = PBXVariantGroup;
			children = (
				F802200519D2A42B00952BB3 /* Base */,
			);
			name = Main.storyboard;
			sourceTree = "<group>";
		};
		F802200919D2A42B00952BB3 /* LaunchScreen.xib */ = {
			isa = PBXVariantGroup;
			children = (
				F802200A19D2A42B00952BB3 /* Base */,
			);
			name = LaunchScreen.xib;
			sourceTree = "<group>";
		};
/* End PBXVariantGroup section */

/* Begin XCBuildConfiguration section */
		F802201819D2A42B00952BB3 /* Debug */ = {
			isa = XCBuildConfiguration;
			buildSettings = {
				ALWAYS_SEARCH_USER_PATHS = NO;
				CLANG_CXX_LANGUAGE_STANDARD = "gnu++0x";
				CLANG_CXX_LIBRARY = "libc++";
				CLANG_ENABLE_MODULES = YES;
				CLANG_ENABLE_OBJC_ARC = YES;
				CLANG_WARN_BOOL_CONVERSION = YES;
				CLANG_WARN_CONSTANT_CONVERSION = YES;
				CLANG_WARN_DIRECT_OBJC_ISA_USAGE = YES_ERROR;
				CLANG_WARN_EMPTY_BODY = YES;
				CLANG_WARN_ENUM_CONVERSION = YES;
				CLANG_WARN_INT_CONVERSION = YES;
				CLANG_WARN_OBJC_ROOT_CLASS = YES_ERROR;
				CLANG_WARN_UNREACHABLE_CODE = YES;
				CLANG_WARN__DUPLICATE_METHOD_MATCH = YES;
				"CODE_SIGN_IDENTITY[sdk=iphoneos*]" = "iPhone Developer";
				COPY_PHASE_STRIP = NO;
				ENABLE_STRICT_OBJC_MSGSEND = YES;
				GCC_C_LANGUAGE_STANDARD = gnu99;
				GCC_DYNAMIC_NO_PIC = NO;
				GCC_OPTIMIZATION_LEVEL = 0;
				GCC_PREPROCESSOR_DEFINITIONS = (
					"DEBUG=1",
					"$(inherited)",
				);
				GCC_SYMBOLS_PRIVATE_EXTERN = NO;
				GCC_WARN_64_TO_32_BIT_CONVERSION = YES;
				GCC_WARN_ABOUT_RETURN_TYPE = YES_ERROR;
				GCC_WARN_UNDECLARED_SELECTOR = YES;
				GCC_WARN_UNINITIALIZED_AUTOS = YES_AGGRESSIVE;
				GCC_WARN_UNUSED_FUNCTION = YES;
				GCC_WARN_UNUSED_VARIABLE = YES;
				IPHONEOS_DEPLOYMENT_TARGET = 8.0;
				MTL_ENABLE_DEBUG_INFO = YES;
				ONLY_ACTIVE_ARCH = YES;
				SDKROOT = iphoneos;
				SWIFT_OPTIMIZATION_LEVEL = "-Onone";
			};
			name = Debug;
		};
		F802201919D2A42B00952BB3 /* Release */ = {
			isa = XCBuildConfiguration;
			buildSettings = {
				ALWAYS_SEARCH_USER_PATHS = NO;
				CLANG_CXX_LANGUAGE_STANDARD = "gnu++0x";
				CLANG_CXX_LIBRARY = "libc++";
				CLANG_ENABLE_MODULES = YES;
				CLANG_ENABLE_OBJC_ARC = YES;
				CLANG_WARN_BOOL_CONVERSION = YES;
				CLANG_WARN_CONSTANT_CONVERSION = YES;
				CLANG_WARN_DIRECT_OBJC_ISA_USAGE = YES_ERROR;
				CLANG_WARN_EMPTY_BODY = YES;
				CLANG_WARN_ENUM_CONVERSION = YES;
				CLANG_WARN_INT_CONVERSION = YES;
				CLANG_WARN_OBJC_ROOT_CLASS = YES_ERROR;
				CLANG_WARN_UNREACHABLE_CODE = YES;
				CLANG_WARN__DUPLICATE_METHOD_MATCH = YES;
				"CODE_SIGN_IDENTITY[sdk=iphoneos*]" = "iPhone Developer";
				COPY_PHASE_STRIP = YES;
				ENABLE_NS_ASSERTIONS = NO;
				ENABLE_STRICT_OBJC_MSGSEND = YES;
				GCC_C_LANGUAGE_STANDARD = gnu99;
				GCC_WARN_64_TO_32_BIT_CONVERSION = YES;
				GCC_WARN_ABOUT_RETURN_TYPE = YES_ERROR;
				GCC_WARN_UNDECLARED_SELECTOR = YES;
				GCC_WARN_UNINITIALIZED_AUTOS = YES_AGGRESSIVE;
				GCC_WARN_UNUSED_FUNCTION = YES;
				GCC_WARN_UNUSED_VARIABLE = YES;
				IPHONEOS_DEPLOYMENT_TARGET = 8.0;
				MTL_ENABLE_DEBUG_INFO = NO;
				SDKROOT = iphoneos;
				VALIDATE_PRODUCT = YES;
			};
			name = Release;
		};
		F802201B19D2A42B00952BB3 /* Debug */ = {
			isa = XCBuildConfiguration;
			buildSettings = {
				ASSETCATALOG_COMPILER_APPICON_NAME = AppIcon;
				INFOPLIST_FILE = "What's The Weather/Info.plist";
				LD_RUNPATH_SEARCH_PATHS = "$(inherited) @executable_path/Frameworks";
				PRODUCT_NAME = WeatherApp;
			};
			name = Debug;
		};
		F802201C19D2A42B00952BB3 /* Release */ = {
			isa = XCBuildConfiguration;
			buildSettings = {
				ASSETCATALOG_COMPILER_APPICON_NAME = AppIcon;
				INFOPLIST_FILE = "What's The Weather/Info.plist";
				LD_RUNPATH_SEARCH_PATHS = "$(inherited) @executable_path/Frameworks";
				PRODUCT_NAME = WeatherApp;
			};
			name = Release;
		};
		F802201E19D2A42B00952BB3 /* Debug */ = {
			isa = XCBuildConfiguration;
			buildSettings = {
				BUNDLE_LOADER = "$(TEST_HOST)";
				FRAMEWORK_SEARCH_PATHS = (
					"$(SDKROOT)/Developer/Library/Frameworks",
					"$(inherited)",
				);
				GCC_PREPROCESSOR_DEFINITIONS = (
					"DEBUG=1",
					"$(inherited)",
				);
				INFOPLIST_FILE = "What's The WeatherTests/Info.plist";
				LD_RUNPATH_SEARCH_PATHS = "$(inherited) @executable_path/Frameworks @loader_path/Frameworks";
				PRODUCT_NAME = WeatherAppTests;
				TEST_HOST = "$(BUILT_PRODUCTS_DIR)/What's The Weather.app/What's The Weather";
			};
			name = Debug;
		};
		F802201F19D2A42B00952BB3 /* Release */ = {
			isa = XCBuildConfiguration;
			buildSettings = {
				BUNDLE_LOADER = "$(TEST_HOST)";
				FRAMEWORK_SEARCH_PATHS = (
					"$(SDKROOT)/Developer/Library/Frameworks",
					"$(inherited)",
				);
				INFOPLIST_FILE = "What's The WeatherTests/Info.plist";
				LD_RUNPATH_SEARCH_PATHS = "$(inherited) @executable_path/Frameworks @loader_path/Frameworks";
				PRODUCT_NAME = WeatherAppTests;
				TEST_HOST = "$(BUILT_PRODUCTS_DIR)/What's The Weather.app/What's The Weather";
			};
			name = Release;
		};
/* End XCBuildConfiguration section */

/* Begin XCConfigurationList section */
		F8021FF619D2A42B00952BB3 /* Build configuration list for PBXProject "WeatherApp" */ = {
			isa = XCConfigurationList;
			buildConfigurations = (
				F802201819D2A42B00952BB3 /* Debug */,
				F802201919D2A42B00952BB3 /* Release */,
			);
			defaultConfigurationIsVisible = 0;
			defaultConfigurationName = Release;
		};
		F802201A19D2A42B00952BB3 /* Build configuration list for PBXNativeTarget "WeatherApp" */ = {
			isa = XCConfigurationList;
			buildConfigurations = (
				F802201B19D2A42B00952BB3 /* Debug */,
				F802201C19D2A42B00952BB3 /* Release */,
			);
			defaultConfigurationIsVisible = 0;
			defaultConfigurationName = Release;
		};
		F802201D19D2A42B00952BB3 /* Build configuration list for PBXNativeTarget "WeatherAppTests" */ = {
			isa = XCConfigurationList;
			buildConfigurations = (
				F802201E19D2A42B00952BB3 /* Debug */,
				F802201F19D2A42B00952BB3 /* Release */,
			);
			defaultConfigurationIsVisible = 0;
			defaultConfigurationName = Release;
		};
/* End XCConfigurationList section */
	};
	rootObject = F8021FF319D2A42B00952BB3 /* Project object */;
}
